
Microsoft Visual Studio Solution File, Format Version 12.00
# Visual Studio Version 17
VisualStudioVersion = 17.10.34707.107
MinimumVisualStudioVersion = 10.0.40219.1
Project("{9A19103F-16F7-4668-BE54-9A1E7A4F7556}") = "RaygunAspireWebApp", "RaygunAspireWebApp\RaygunAspireWebApp.csproj", "{7382213A-15D4-473E-99C4-6F00683A0DCB}"
EndProject
Project("{9A19103F-16F7-4668-BE54-9A1E7A4F7556}") = "Raygun.Aspire.Hosting.Raygun", "Raygun.Aspire.Hosting.Raygun\Raygun.Aspire.Hosting.Raygun.csproj", "{92761B21-B83A-45FD-A1DC-98733533872F}"
EndProject
Global
	GlobalSection(SolutionConfigurationPlatforms) = preSolution
		Debug|Any CPU = Debug|Any CPU
		Release|Any CPU = Release|Any CPU
	EndGlobalSection
	GlobalSection(ProjectConfigurationPlatforms) = postSolution
		{7382213A-15D4-473E-99C4-6F00683A0DCB}.Debug|Any CPU.ActiveCfg = Debug|Any CPU
		{7382213A-15D4-473E-99C4-6F00683A0DCB}.Debug|Any CPU.Build.0 = Debug|Any CPU
		{7382213A-15D4-473E-99C4-6F00683A0DCB}.Release|Any CPU.ActiveCfg = Release|Any CPU
		{7382213A-15D4-473E-99C4-6F00683A0DCB}.Release|Any CPU.Build.0 = Release|Any CPU
		{92761B21-B83A-45FD-A1DC-98733533872F}.Debug|Any CPU.ActiveCfg = Debug|Any CPU
		{92761B21-B83A-45FD-A1DC-98733533872F}.Debug|Any CPU.Build.0 = Debug|Any CPU
		{92761B21-B83A-45FD-A1DC-98733533872F}.Release|Any CPU.ActiveCfg = Release|Any CPU
		{92761B21-B83A-45FD-A1DC-98733533872F}.Release|Any CPU.Build.0 = Release|Any CPU
	EndGlobalSection
	GlobalSection(SolutionProperties) = preSolution
		HideSolutionNode = FALSE
	EndGlobalSection
	GlobalSection(ExtensibilityGlobals) = postSolution
		SolutionGuid = {F98F5800-9E7C-4550-9F6C-F6287E815E02}
	EndGlobalSection
EndGlobal
